# This file was autogenerated by Stack.
# You should not edit this file by hand.
# For more information, please see the documentation at:
#   https://docs.haskellstack.org/en/stable/topics/lock_files

packages:
- completed:
    hackage: hasql-1.9.1.2@sha256:d535fe87b1581eb48577d935e07f1150f325a7e4ac77c743a5e6416122fc863d,5990
    pantry-tree:
      sha256: 02599ca5a94f1e03701bc0ad613ad6f78002f566da3920c6f0d2e47635417afc
      size: 3891
  original:
    hackage: hasql-1.9.1.2
- completed:
    hackage: hasql-pool-1.3@sha256:129c8b47e9886ae14891c1f3434e6a816977e574351bedb56477d52b522a468d,2386
    pantry-tree:
      sha256: faeb850a0fbf83f2c58e570fb869afb7f650d94bf7e4b8d01dd63647c9b70b98
      size: 982
  original:
    hackage: hasql-pool-1.3
- completed:
    hackage: hasql-transaction-1.1@sha256:b1f5fd2e009105f7789f43a5663eb4e1e89be804bd591da94adce665ba4c77a6,3205
    pantry-tree:
      sha256: 5fdfb1c2b64508e72706338d995e3b64452de4638152db0f55b3656437ed04e1
      size: 976
  original:
    hackage: hasql-transaction-1.1
- completed:
    hackage: ptr-0.16.8.6@sha256:bd69b3f868c2ae3ace55609ccd63a4222100ed9050f69dc665eb5f82f198768e,4422
    pantry-tree:
      sha256: 93cacb0d7071f318db15108fcd5ca13160ab2efbafbe2914deedcc1f49091799
      size: 1303
  original:
    hackage: ptr-0.16.8.6
- completed:
    hackage: tasty-bench-0.4@sha256:06e336ea94ae35f116318e535a7d70947734bb7dae35f6ba36cfbd0bb23c1fe3,2228
    pantry-tree:
      sha256: 9ccbb3ca4cafd2e637a213a7f7d3faad28009d4058f38e01e54ed9b3e16b5b1e
      size: 447
  original:
    hackage: tasty-bench-0.4
snapshots:
- completed:
    sha256: 2e84de3088a8643c3743210ec31c50b2aeccf5fb085042d2e43e3ef700e7a2cd
    size: 732461
    url: https://raw.githubusercontent.com/commercialhaskell/stackage-snapshots/master/lts/24/46.yaml
  original:
    url: https://raw.githubusercontent.com/commercialhaskell/stackage-snapshots/master/lts/24/46.yaml
